
Microsoft Visual Studio Solution File, Format Version 12.00
# Visual Studio Version 17
VisualStudioVersion = 17.7.34202.233
MinimumVisualStudioVersion = 10.0.40219.1
Project("{FAE04EC0-301F-11D3-BF4B-00C04F79EFBC}") = "Sklep internetowy projekt", "Sklep internetowy projekt\Sklep internetowy projekt.csproj", "{7A9941D7-7722-4DDE-A4F6-4DBEA4B8509F}"
EndProject
Global
	GlobalSection(SolutionConfigurationPlatforms) = preSolution
		Debug|Any CPU = Debug|Any CPU
		Release|Any CPU = Release|Any CPU
	EndGlobalSection
	GlobalSection(ProjectConfigurationPlatforms) = postSolution
		{7A9941D7-7722-4DDE-A4F6-4DBEA4B8509F}.Debug|Any CPU.ActiveCfg = Debug|Any CPU
		{7A9941D7-7722-4DDE-A4F6-4DBEA4B8509F}.Debug|Any CPU.Build.0 = Debug|Any CPU
		{7A9941D7-7722-4DDE-A4F6-4DBEA4B8509F}.Release|Any CPU.ActiveCfg = Release|Any CPU
		{7A9941D7-7722-4DDE-A4F6-4DBEA4B8509F}.Release|Any CPU.Build.0 = Release|Any CPU
	EndGlobalSection
	GlobalSection(SolutionProperties) = preSolution
		HideSolutionNode = FALSE
	EndGlobalSection
	GlobalSection(ExtensibilityGlobals) = postSolution
		SolutionGuid = {678575DB-0FA3-4BF2-8A10-3246C2E27FF8}
	EndGlobalSection
EndGlobal
